// !$*UTF8*$!
{
	archiveVersion = 1;
	classes = {
	};
	objectVersion = 56;
	objects = {

/* Begin PBXBuildFile section */
		02EE5C57F51AB3110323B122 /* AppIcon.swift in Sources */ = {isa = PBXBuildFile; fileRef = A5EFF15749249648F8C2111F; };
		601CEB288F8CA5329514A176 /* BottomNavBar.swift in Sources */ = {isa = PBXBuildFile; fileRef = 49EE59ABDFB345A57BDE769A; };
		7DA7403A4325A8BFA27E7492 /* GradientButton.swift in Sources */ = {isa = PBXBuildFile; fileRef = 60C266E74CB86DA722D42554; };
		68A45DA53A3BB98F44D7BF16 /* PhotoSlot.swift in Sources */ = {isa = PBXBuildFile; fileRef = 8D36947851FAB375B4E68339; };
		90941ACB777A6A9299BF5A9A /* Pill.swift in Sources */ = {isa = PBXBuildFile; fileRef = C21A77AE966DAF19F9E2EB23; };
		174C507694DCD3F131E8E5F4 /* ProgressBar.swift in Sources */ = {isa = PBXBuildFile; fileRef = 7F884CA8F0F9D4E092D87875; };
		B37E01E2E013E96B1ABC1943 /* ScreenHeader.swift in Sources */ = {isa = PBXBuildFile; fileRef = 7C1FDCAB10865A1E5F4C3EF5; };
		B7F55DB0CFA5B2ED5765BD05 /* StatTile.swift in Sources */ = {isa = PBXBuildFile; fileRef = 724D39A689AEAEF6752C6E1B; };
		2286E5BD285E95A7BBBDD5ED /* GymBuddyApp.swift in Sources */ = {isa = PBXBuildFile; fileRef = 4CA152537B914C4752095D0F; };
		C9E001DC8847F248C6C670CF /* L10n.swift in Sources */ = {isa = PBXBuildFile; fileRef = 02CBFFB2064A786731D6986A; };
		39BFA71FAE722B97D6E74AE8 /* APIClient.swift in Sources */ = {isa = PBXBuildFile; fileRef = 3E6E4DF3990E0CC5E92B63CB; };
		38830ED0B167508C7D480FB7 /* Endpoints.swift in Sources */ = {isa = PBXBuildFile; fileRef = 48D6F0EA614F0085520DBCB1; };
		62C5053BC1DA57898640A7DD /* Exercise.swift in Sources */ = {isa = PBXBuildFile; fileRef = 532A0AA53F4D83CAEEA9215F; };
		C66BA72676C9622BC07C9469 /* Match.swift in Sources */ = {isa = PBXBuildFile; fileRef = 149DEB4B39B5D8B597C54D17; };
		B158B79256FBBA70E979ADD6 /* Message.swift in Sources */ = {isa = PBXBuildFile; fileRef = 79B26E26C82B7CCE55F67273; };
		1A78388F735F0FFC3BC45FC7 /* Routine.swift in Sources */ = {isa = PBXBuildFile; fileRef = 37B15E5E127626D664A3C8CE; };
		629903F620B4510DFA4F56C9 /* User.swift in Sources */ = {isa = PBXBuildFile; fileRef = E3CAE7ABD1BC8AB0DEA7FD58; };
		C8EB117BAABE1E1EDDAC1155 /* Workout.swift in Sources */ = {isa = PBXBuildFile; fileRef = 259751F9F96546BF1D0351C1; };
		B37C693271EE7A24658E9CE8 /* TokenStore.swift in Sources */ = {isa = PBXBuildFile; fileRef = F01997B12C4185F3F0C5EE5B; };
		0CD615BAE6A12E8F6100A7F9 /* WebSocketClient.swift in Sources */ = {isa = PBXBuildFile; fileRef = F9749B423C2EC3AD1FAEEE0E; };
		155F1C449E16597F72E1BDC6 /* RootView.swift in Sources */ = {isa = PBXBuildFile; fileRef = 7384747C25E1B3FAAE41C322; };
		B7D61EA0C479CD608EBED152 /* TabBarView.swift in Sources */ = {isa = PBXBuildFile; fileRef = 5B5E8F093CF3BEED5247F44D; };
		F2E3E621443AE2A4B6E102C2 /* LoginView.swift in Sources */ = {isa = PBXBuildFile; fileRef = 731CC67CB0A356D2DF95325C; };
		C6660DB87C65EB22E9E43462 /* RegisterView.swift in Sources */ = {isa = PBXBuildFile; fileRef = A725B3EC0A57CE71FBFC15F1; };
		CF696398441EF265902A3047 /* ChatView.swift in Sources */ = {isa = PBXBuildFile; fileRef = F2AD0C1DAF64439C83A05906; };
		239EF36FF5A0F9D6DB288227 /* DiscoverFiltersView.swift in Sources */ = {isa = PBXBuildFile; fileRef = 807A7E24E2C418506D53876F; };
		CD3C3BE0C5F876C30A0CBAFF /* DiscoverView.swift in Sources */ = {isa = PBXBuildFile; fileRef = 70A87CD3F2BC0749A8A70F70; };
		939B13A9D4E69D56D651A333 /* InviteWorkoutView.swift in Sources */ = {isa = PBXBuildFile; fileRef = 32E71BA33A49D09FA348C18F; };
		7DAEEEB5A37AFF0E0B017A28 /* MatchModalView.swift in Sources */ = {isa = PBXBuildFile; fileRef = FD07C1A007F47F4ED8B3E2CA; };
		6A727521B508E261D0623653 /* MatchesListView.swift in Sources */ = {isa = PBXBuildFile; fileRef = FAE7ED5DC3D46AD94494301C; };
		C56DE82361E2F36E6F094E0F /* SwipeCardView.swift in Sources */ = {isa = PBXBuildFile; fileRef = 5EF0724E22AC8739E6E77C65; };
		5E76FCD4F247DA16CEFA5245 /* FriendsView.swift in Sources */ = {isa = PBXBuildFile; fileRef = 60BFA7A1B2B7E258D18963FA; };
		9ED6372C1F5B3DDA45ABA3C3 /* LeaderboardView.swift in Sources */ = {isa = PBXBuildFile; fileRef = 698A22A521277E9557E641F1; };
		D9126ADB83B8B8A310B34102 /* HomeView.swift in Sources */ = {isa = PBXBuildFile; fileRef = ACC38E5D314DA48F277F563C; };
		3927B7FB08626F8545DA6B4E /* CalendarView.swift in Sources */ = {isa = PBXBuildFile; fileRef = 8E1B090FC9CB8B359AE26C19; };
		4A2B681A69E24FAAFD09592B /* EditProfileView.swift in Sources */ = {isa = PBXBuildFile; fileRef = DBEBF36E21B0825AE0107E51; };
		05D0BFE56E4E96D2027AA806 /* MedalsView.swift in Sources */ = {isa = PBXBuildFile; fileRef = 6237486A2FB02F12D34E9295; };
		1624DAEC5D2F371F66018471 /* NutritionView.swift in Sources */ = {isa = PBXBuildFile; fileRef = 097A74CC1398669693E0B939; };
		5363DEE85F9BBAB124A5D00C /* ProfileView.swift in Sources */ = {isa = PBXBuildFile; fileRef = 8E476371E65C48A416B87008; };
		990240D3A1FA410B1AA035DA /* SettingsView.swift in Sources */ = {isa = PBXBuildFile; fileRef = 6B70D52BEC677040A43275EC; };
		75A95975EF7F302CB32BCC43 /* ActiveWorkoutView.swift in Sources */ = {isa = PBXBuildFile; fileRef = 7D4C8CC65051755705D25A5E; };
		71B6CF1F7872B79BB63E6B5D /* CreateExerciseView.swift in Sources */ = {isa = PBXBuildFile; fileRef = CE215C33BD81D14B0954BD0E; };
		77123FD7B9DE921E0D2E43FA /* ExercisesListView.swift in Sources */ = {isa = PBXBuildFile; fileRef = EB705146CCE14BF0B513E997; };
		B2F7E7DDF6C54897C38290BA /* RoutineDetailView.swift in Sources */ = {isa = PBXBuildFile; fileRef = F5382553CA5EECD39B784E03; };
		0E8AAD976415B97ED31CCAF4 /* WorkoutTrackerView.swift in Sources */ = {isa = PBXBuildFile; fileRef = 788A4BD6FBFB69E18E3FB59A; };
		484D881E710B3AB0E2173125 /* Theme.swift in Sources */ = {isa = PBXBuildFile; fileRef = F78A1D68301D0D48297703A9; };
		A0B4B8DA6895EF309486C936 /* Typography.swift in Sources */ = {isa = PBXBuildFile; fileRef = C444F50FEBFFEF87D1DD0B07; };
		3A3D78BB52DBCE601BD3347D /* AuthViewModel.swift in Sources */ = {isa = PBXBuildFile; fileRef = 06B910122FDBC589D4CF2B23; };
		1FF6FC7CF0FCC11F76ABB746 /* DiscoverViewModel.swift in Sources */ = {isa = PBXBuildFile; fileRef = A798B147018F16CA4D36DADB; };
		477F4AE4A508717AF547778C /* MatchesViewModel.swift in Sources */ = {isa = PBXBuildFile; fileRef = 33A04C134E8C18E97344D8CB; };
		A0CB84D37A5D5FEE261F61F5 /* SampleData.swift in Sources */ = {isa = PBXBuildFile; fileRef = 856FA690CC9369BE1F25275F; };
		830746A7F2E1F8C3539502E2 /* WorkoutViewModel.swift in Sources */ = {isa = PBXBuildFile; fileRef = 917443422BB3CDA72E78AE8C; };
		B09FA1D107EDD9357D618EDC /* Assets.xcassets in Resources */ = {isa = PBXBuildFile; fileRef = 869267669EC93883AB30A1CE; };
		60EC8D72AACA7D0B13237AE6 /* Localizable.strings in Resources */ = {isa = PBXBuildFile; fileRef = 64A56EB63D82794EC9359ED0; };
/* End PBXBuildFile section */

/* Begin PBXFileReference section */
		A5EFF15749249648F8C2111F /* AppIcon.swift */ = {isa = PBXFileReference; lastKnownFileType = sourcecode.swift; path = "AppIcon.swift"; sourceTree = "<group>"; };
		49EE59ABDFB345A57BDE769A /* BottomNavBar.swift */ = {isa = PBXFileReference; lastKnownFileType = sourcecode.swift; path = "BottomNavBar.swift"; sourceTree = "<group>"; };
		60C266E74CB86DA722D42554 /* GradientButton.swift */ = {isa = PBXFileReference; lastKnownFileType = sourcecode.swift; path = "GradientButton.swift"; sourceTree = "<group>"; };
		8D36947851FAB375B4E68339 /* PhotoSlot.swift */ = {isa = PBXFileReference; lastKnownFileType = sourcecode.swift; path = "PhotoSlot.swift"; sourceTree = "<group>"; };
		C21A77AE966DAF19F9E2EB23 /* Pill.swift */ = {isa = PBXFileReference; lastKnownFileType = sourcecode.swift; path = "Pill.swift"; sourceTree = "<group>"; };
		7F884CA8F0F9D4E092D87875 /* ProgressBar.swift */ = {isa = PBXFileReference; lastKnownFileType = sourcecode.swift; path = "ProgressBar.swift"; sourceTree = "<group>"; };
		7C1FDCAB10865A1E5F4C3EF5 /* ScreenHeader.swift */ = {isa = PBXFileReference; lastKnownFileType = sourcecode.swift; path = "ScreenHeader.swift"; sourceTree = "<group>"; };
		724D39A689AEAEF6752C6E1B /* StatTile.swift */ = {isa = PBXFileReference; lastKnownFileType = sourcecode.swift; path = "StatTile.swift"; sourceTree = "<group>"; };
		4CA152537B914C4752095D0F /* GymBuddyApp.swift */ = {isa = PBXFileReference; lastKnownFileType = sourcecode.swift; path = "GymBuddyApp.swift"; sourceTree = "<group>"; };
		02CBFFB2064A786731D6986A /* L10n.swift */ = {isa = PBXFileReference; lastKnownFileType = sourcecode.swift; path = "L10n.swift"; sourceTree = "<group>"; };
		3E6E4DF3990E0CC5E92B63CB /* APIClient.swift */ = {isa = PBXFileReference; lastKnownFileType = sourcecode.swift; path = "APIClient.swift"; sourceTree = "<group>"; };
		48D6F0EA614F0085520DBCB1 /* Endpoints.swift */ = {isa = PBXFileReference; lastKnownFileType = sourcecode.swift; path = "Endpoints.swift"; sourceTree = "<group>"; };
		532A0AA53F4D83CAEEA9215F /* Exercise.swift */ = {isa = PBXFileReference; lastKnownFileType = sourcecode.swift; path = "Exercise.swift"; sourceTree = "<group>"; };
		149DEB4B39B5D8B597C54D17 /* Match.swift */ = {isa = PBXFileReference; lastKnownFileType = sourcecode.swift; path = "Match.swift"; sourceTree = "<group>"; };
		79B26E26C82B7CCE55F67273 /* Message.swift */ = {isa = PBXFileReference; lastKnownFileType = sourcecode.swift; path = "Message.swift"; sourceTree = "<group>"; };
		37B15E5E127626D664A3C8CE /* Routine.swift */ = {isa = PBXFileReference; lastKnownFileType = sourcecode.swift; path = "Routine.swift"; sourceTree = "<group>"; };
		E3CAE7ABD1BC8AB0DEA7FD58 /* User.swift */ = {isa = PBXFileReference; lastKnownFileType = sourcecode.swift; path = "User.swift"; sourceTree = "<group>"; };
		259751F9F96546BF1D0351C1 /* Workout.swift */ = {isa = PBXFileReference; lastKnownFileType = sourcecode.swift; path = "Workout.swift"; sourceTree = "<group>"; };
		F01997B12C4185F3F0C5EE5B /* TokenStore.swift */ = {isa = PBXFileReference; lastKnownFileType = sourcecode.swift; path = "TokenStore.swift"; sourceTree = "<group>"; };
		F9749B423C2EC3AD1FAEEE0E /* WebSocketClient.swift */ = {isa = PBXFileReference; lastKnownFileType = sourcecode.swift; path = "WebSocketClient.swift"; sourceTree = "<group>"; };
		7384747C25E1B3FAAE41C322 /* RootView.swift */ = {isa = PBXFileReference; lastKnownFileType = sourcecode.swift; path = "RootView.swift"; sourceTree = "<group>"; };
		5B5E8F093CF3BEED5247F44D /* TabBarView.swift */ = {isa = PBXFileReference; lastKnownFileType = sourcecode.swift; path = "TabBarView.swift"; sourceTree = "<group>"; };
		731CC67CB0A356D2DF95325C /* LoginView.swift */ = {isa = PBXFileReference; lastKnownFileType = sourcecode.swift; path = "LoginView.swift"; sourceTree = "<group>"; };
		A725B3EC0A57CE71FBFC15F1 /* RegisterView.swift */ = {isa = PBXFileReference; lastKnownFileType = sourcecode.swift; path = "RegisterView.swift"; sourceTree = "<group>"; };
		F2AD0C1DAF64439C83A05906 /* ChatView.swift */ = {isa = PBXFileReference; lastKnownFileType = sourcecode.swift; path = "ChatView.swift"; sourceTree = "<group>"; };
		807A7E24E2C418506D53876F /* DiscoverFiltersView.swift */ = {isa = PBXFileReference; lastKnownFileType = sourcecode.swift; path = "DiscoverFiltersView.swift"; sourceTree = "<group>"; };
		70A87CD3F2BC0749A8A70F70 /* DiscoverView.swift */ = {isa = PBXFileReference; lastKnownFileType = sourcecode.swift; path = "DiscoverView.swift"; sourceTree = "<group>"; };
		32E71BA33A49D09FA348C18F /* InviteWorkoutView.swift */ = {isa = PBXFileReference; lastKnownFileType = sourcecode.swift; path = "InviteWorkoutView.swift"; sourceTree = "<group>"; };
		FD07C1A007F47F4ED8B3E2CA /* MatchModalView.swift */ = {isa = PBXFileReference; lastKnownFileType = sourcecode.swift; path = "MatchModalView.swift"; sourceTree = "<group>"; };
		FAE7ED5DC3D46AD94494301C /* MatchesListView.swift */ = {isa = PBXFileReference; lastKnownFileType = sourcecode.swift; path = "MatchesListView.swift"; sourceTree = "<group>"; };
		5EF0724E22AC8739E6E77C65 /* SwipeCardView.swift */ = {isa = PBXFileReference; lastKnownFileType = sourcecode.swift; path = "SwipeCardView.swift"; sourceTree = "<group>"; };
		60BFA7A1B2B7E258D18963FA /* FriendsView.swift */ = {isa = PBXFileReference; lastKnownFileType = sourcecode.swift; path = "FriendsView.swift"; sourceTree = "<group>"; };
		698A22A521277E9557E641F1 /* LeaderboardView.swift */ = {isa = PBXFileReference; lastKnownFileType = sourcecode.swift; path = "LeaderboardView.swift"; sourceTree = "<group>"; };
		ACC38E5D314DA48F277F563C /* HomeView.swift */ = {isa = PBXFileReference; lastKnownFileType = sourcecode.swift; path = "HomeView.swift"; sourceTree = "<group>"; };
		8E1B090FC9CB8B359AE26C19 /* CalendarView.swift */ = {isa = PBXFileReference; lastKnownFileType = sourcecode.swift; path = "CalendarView.swift"; sourceTree = "<group>"; };
		DBEBF36E21B0825AE0107E51 /* EditProfileView.swift */ = {isa = PBXFileReference; lastKnownFileType = sourcecode.swift; path = "EditProfileView.swift"; sourceTree = "<group>"; };
		6237486A2FB02F12D34E9295 /* MedalsView.swift */ = {isa = PBXFileReference; lastKnownFileType = sourcecode.swift; path = "MedalsView.swift"; sourceTree = "<group>"; };
		097A74CC1398669693E0B939 /* NutritionView.swift */ = {isa = PBXFileReference; lastKnownFileType = sourcecode.swift; path = "NutritionView.swift"; sourceTree = "<group>"; };
		8E476371E65C48A416B87008 /* ProfileView.swift */ = {isa = PBXFileReference; lastKnownFileType = sourcecode.swift; path = "ProfileView.swift"; sourceTree = "<group>"; };
		6B70D52BEC677040A43275EC /* SettingsView.swift */ = {isa = PBXFileReference; lastKnownFileType = sourcecode.swift; path = "SettingsView.swift"; sourceTree = "<group>"; };
		7D4C8CC65051755705D25A5E /* ActiveWorkoutView.swift */ = {isa = PBXFileReference; lastKnownFileType = sourcecode.swift; path = "ActiveWorkoutView.swift"; sourceTree = "<group>"; };
		CE215C33BD81D14B0954BD0E /* CreateExerciseView.swift */ = {isa = PBXFileReference; lastKnownFileType = sourcecode.swift; path = "CreateExerciseView.swift"; sourceTree = "<group>"; };
		EB705146CCE14BF0B513E997 /* ExercisesListView.swift */ = {isa = PBXFileReference; lastKnownFileType = sourcecode.swift; path = "ExercisesListView.swift"; sourceTree = "<group>"; };
		F5382553CA5EECD39B784E03 /* RoutineDetailView.swift */ = {isa = PBXFileReference; lastKnownFileType = sourcecode.swift; path = "RoutineDetailView.swift"; sourceTree = "<group>"; };
		788A4BD6FBFB69E18E3FB59A /* WorkoutTrackerView.swift */ = {isa = PBXFileReference; lastKnownFileType = sourcecode.swift; path = "WorkoutTrackerView.swift"; sourceTree = "<group>"; };
		F78A1D68301D0D48297703A9 /* Theme.swift */ = {isa = PBXFileReference; lastKnownFileType = sourcecode.swift; path = "Theme.swift"; sourceTree = "<group>"; };
		C444F50FEBFFEF87D1DD0B07 /* Typography.swift */ = {isa = PBXFileReference; lastKnownFileType = sourcecode.swift; path = "Typography.swift"; sourceTree = "<group>"; };
		06B910122FDBC589D4CF2B23 /* AuthViewModel.swift */ = {isa = PBXFileReference; lastKnownFileType = sourcecode.swift; path = "AuthViewModel.swift"; sourceTree = "<group>"; };
		A798B147018F16CA4D36DADB /* DiscoverViewModel.swift */ = {isa = PBXFileReference; lastKnownFileType = sourcecode.swift; path = "DiscoverViewModel.swift"; sourceTree = "<group>"; };
		33A04C134E8C18E97344D8CB /* MatchesViewModel.swift */ = {isa = PBXFileReference; lastKnownFileType = sourcecode.swift; path = "MatchesViewModel.swift"; sourceTree = "<group>"; };
		856FA690CC9369BE1F25275F /* SampleData.swift */ = {isa = PBXFileReference; lastKnownFileType = sourcecode.swift; path = "SampleData.swift"; sourceTree = "<group>"; };
		917443422BB3CDA72E78AE8C /* WorkoutViewModel.swift */ = {isa = PBXFileReference; lastKnownFileType = sourcecode.swift; path = "WorkoutViewModel.swift"; sourceTree = "<group>"; };
		B15A13ACECE86FF5B996CE6C /* Info.plist */ = {isa = PBXFileReference; lastKnownFileType = text.plist.xml; path = "Info.plist"; sourceTree = "<group>"; };
		869267669EC93883AB30A1CE /* Assets.xcassets */ = {isa = PBXFileReference; lastKnownFileType = folder.assetcatalog; path = "Assets.xcassets"; sourceTree = "<group>"; };
		8BCB7E3B202BB75AAFE1B1DC /* GymBuddy.app */ = {isa = PBXFileReference; explicitFileType = wrapper.application; includeInIndex = 0; path = "GymBuddy.app"; sourceTree = BUILT_PRODUCTS_DIR; };
		BF7FFB14626387DE2BAE4ABB /* en */ = {isa = PBXFileReference; lastKnownFileType = text.plist.strings; name = "en"; path = "Localization/en.lproj/Localizable.strings"; sourceTree = "<group>"; };
		CD05C1BF7DF7F3CE74C2F88B /* ru */ = {isa = PBXFileReference; lastKnownFileType = text.plist.strings; name = "ru"; path = "Localization/ru.lproj/Localizable.strings"; sourceTree = "<group>"; };
/* End PBXFileReference section */

/* Begin PBXFrameworksBuildPhase section */
		DE1439ACCFCEB73E6F9981A5 /* Frameworks */ = {
			isa = PBXFrameworksBuildPhase;
			buildActionMask = 2147483647;
			files = (
			);
			runOnlyForDeploymentPostprocessing = 0;
		};
/* End PBXFrameworksBuildPhase section */

/* Begin PBXGroup section */
		FAD58DE7366495DB4650CFEF = {
			isa = PBXGroup;
			children = (
				8EF24C48F8623F9D53F10196 /* GymBuddy */,
				86024CAD1E83101D97359D73 /* Products */,
			);
			sourceTree = "<group>";
		};
		86024CAD1E83101D97359D73 /* Products */ = {
			isa = PBXGroup;
			children = (
				8BCB7E3B202BB75AAFE1B1DC /* GymBuddy.app */,
			);
			name = Products;
			sourceTree = "<group>";
		};
		8EF24C48F8623F9D53F10196 /* GymBuddy */ = {
			isa = PBXGroup;
			children = (
				E3E37D373E4B1C92C0FD52E2 /* Components */,
				0B4FB50EB26531E186B911FB /* Localization */,
				8FCD1F0B391C27DDBD6118D2 /* Networking */,
				3C2E0420506E28D20D18C3BD /* Root */,
				FE8ED8B394174B97E80AA593 /* Screens */,
				887791B11BFB4B0A25E83616 /* Theme */,
				482E15A810E420EA6D05B1E8 /* ViewModels */,
				4CA152537B914C4752095D0F /* GymBuddyApp.swift */,
				B15A13ACECE86FF5B996CE6C /* Info.plist */,
				64A56EB63D82794EC9359ED0 /* Localizable.strings */,
				869267669EC93883AB30A1CE /* Assets.xcassets */,
			);
			path = "GymBuddy";
			sourceTree = "<group>";
		};
		E3E37D373E4B1C92C0FD52E2 /* Components */ = {
			isa = PBXGroup;
			children = (
				A5EFF15749249648F8C2111F /* AppIcon.swift */,
				49EE59ABDFB345A57BDE769A /* BottomNavBar.swift */,
				60C266E74CB86DA722D42554 /* GradientButton.swift */,
				8D36947851FAB375B4E68339 /* PhotoSlot.swift */,
				C21A77AE966DAF19F9E2EB23 /* Pill.swift */,
				7F884CA8F0F9D4E092D87875 /* ProgressBar.swift */,
				7C1FDCAB10865A1E5F4C3EF5 /* ScreenHeader.swift */,
				724D39A689AEAEF6752C6E1B /* StatTile.swift */,
			);
			path = "Components";
			sourceTree = "<group>";
		};
		0B4FB50EB26531E186B911FB /* Localization */ = {
			isa = PBXGroup;
			children = (
				02CBFFB2064A786731D6986A /* L10n.swift */,
			);
			path = "Localization";
			sourceTree = "<group>";
		};
		8FCD1F0B391C27DDBD6118D2 /* Networking */ = {
			isa = PBXGroup;
			children = (
				51500F2AF28BF2308F01BFF0 /* Models */,
				3E6E4DF3990E0CC5E92B63CB /* APIClient.swift */,
				48D6F0EA614F0085520DBCB1 /* Endpoints.swift */,
				F01997B12C4185F3F0C5EE5B /* TokenStore.swift */,
				F9749B423C2EC3AD1FAEEE0E /* WebSocketClient.swift */,
			);
			path = "Networking";
			sourceTree = "<group>";
		};
		51500F2AF28BF2308F01BFF0 /* Models */ = {
			isa = PBXGroup;
			children = (
				532A0AA53F4D83CAEEA9215F /* Exercise.swift */,
				149DEB4B39B5D8B597C54D17 /* Match.swift */,
				79B26E26C82B7CCE55F67273 /* Message.swift */,
				37B15E5E127626D664A3C8CE /* Routine.swift */,
				E3CAE7ABD1BC8AB0DEA7FD58 /* User.swift */,
				259751F9F96546BF1D0351C1 /* Workout.swift */,
			);
			path = "Models";
			sourceTree = "<group>";
		};
		3C2E0420506E28D20D18C3BD /* Root */ = {
			isa = PBXGroup;
			children = (
				7384747C25E1B3FAAE41C322 /* RootView.swift */,
				5B5E8F093CF3BEED5247F44D /* TabBarView.swift */,
			);
			path = "Root";
			sourceTree = "<group>";
		};
		FE8ED8B394174B97E80AA593 /* Screens */ = {
			isa = PBXGroup;
			children = (
				F7DE6B826EF916B7C64CF2E5 /* Auth */,
				6158F1BF90E68C80E3A6E5F5 /* Discover */,
				2F34F34E8CA1F3674F33281D /* Friends */,
				F6F5C1F21AD390408CB2E74C /* Home */,
				AEDBC248BAE51254396C754C /* Profile */,
				7E774F71003A9BDAF87DCE21 /* Workout */,
			);
			path = "Screens";
			sourceTree = "<group>";
		};
		F7DE6B826EF916B7C64CF2E5 /* Auth */ = {
			isa = PBXGroup;
			children = (
				731CC67CB0A356D2DF95325C /* LoginView.swift */,
				A725B3EC0A57CE71FBFC15F1 /* RegisterView.swift */,
			);
			path = "Auth";
			sourceTree = "<group>";
		};
		6158F1BF90E68C80E3A6E5F5 /* Discover */ = {
			isa = PBXGroup;
			children = (
				F2AD0C1DAF64439C83A05906 /* ChatView.swift */,
				807A7E24E2C418506D53876F /* DiscoverFiltersView.swift */,
				70A87CD3F2BC0749A8A70F70 /* DiscoverView.swift */,
				32E71BA33A49D09FA348C18F /* InviteWorkoutView.swift */,
				FD07C1A007F47F4ED8B3E2CA /* MatchModalView.swift */,
				FAE7ED5DC3D46AD94494301C /* MatchesListView.swift */,
				5EF0724E22AC8739E6E77C65 /* SwipeCardView.swift */,
			);
			path = "Discover";
			sourceTree = "<group>";
		};
		2F34F34E8CA1F3674F33281D /* Friends */ = {
			isa = PBXGroup;
			children = (
				60BFA7A1B2B7E258D18963FA /* FriendsView.swift */,
				698A22A521277E9557E641F1 /* LeaderboardView.swift */,
			);
			path = "Friends";
			sourceTree = "<group>";
		};
		F6F5C1F21AD390408CB2E74C /* Home */ = {
			isa = PBXGroup;
			children = (
				ACC38E5D314DA48F277F563C /* HomeView.swift */,
			);
			path = "Home";
			sourceTree = "<group>";
		};
		AEDBC248BAE51254396C754C /* Profile */ = {
			isa = PBXGroup;
			children = (
				8E1B090FC9CB8B359AE26C19 /* CalendarView.swift */,
				DBEBF36E21B0825AE0107E51 /* EditProfileView.swift */,
				6237486A2FB02F12D34E9295 /* MedalsView.swift */,
				097A74CC1398669693E0B939 /* NutritionView.swift */,
				8E476371E65C48A416B87008 /* ProfileView.swift */,
				6B70D52BEC677040A43275EC /* SettingsView.swift */,
			);
			path = "Profile";
			sourceTree = "<group>";
		};
		7E774F71003A9BDAF87DCE21 /* Workout */ = {
			isa = PBXGroup;
			children = (
				7D4C8CC65051755705D25A5E /* ActiveWorkoutView.swift */,
				CE215C33BD81D14B0954BD0E /* CreateExerciseView.swift */,
				EB705146CCE14BF0B513E997 /* ExercisesListView.swift */,
				F5382553CA5EECD39B784E03 /* RoutineDetailView.swift */,
				788A4BD6FBFB69E18E3FB59A /* WorkoutTrackerView.swift */,
			);
			path = "Workout";
			sourceTree = "<group>";
		};
		887791B11BFB4B0A25E83616 /* Theme */ = {
			isa = PBXGroup;
			children = (
				F78A1D68301D0D48297703A9 /* Theme.swift */,
				C444F50FEBFFEF87D1DD0B07 /* Typography.swift */,
			);
			path = "Theme";
			sourceTree = "<group>";
		};
		482E15A810E420EA6D05B1E8 /* ViewModels */ = {
			isa = PBXGroup;
			children = (
				06B910122FDBC589D4CF2B23 /* AuthViewModel.swift */,
				A798B147018F16CA4D36DADB /* DiscoverViewModel.swift */,
				33A04C134E8C18E97344D8CB /* MatchesViewModel.swift */,
				856FA690CC9369BE1F25275F /* SampleData.swift */,
				917443422BB3CDA72E78AE8C /* WorkoutViewModel.swift */,
			);
			path = "ViewModels";
			sourceTree = "<group>";
		};
/* End PBXGroup section */

/* Begin PBXVariantGroup section */
		64A56EB63D82794EC9359ED0 /* Localizable.strings */ = {
			isa = PBXVariantGroup;
			children = (
				BF7FFB14626387DE2BAE4ABB /* en */,
				CD05C1BF7DF7F3CE74C2F88B /* ru */,
			);
			name = "Localizable.strings";
			sourceTree = "<group>";
		};
/* End PBXVariantGroup section */

/* Begin PBXNativeTarget section */
		42AEFBAE01D2DFD981F7DA7D /* GymBuddy */ = {
			isa = PBXNativeTarget;
			buildConfigurationList = 6A1EA7700154B92226D8688D /* Build configuration list for PBXNativeTarget "GymBuddy" */;
			buildPhases = (
				3B7DFB0747829707F437ED7F /* Sources */,
				DE1439ACCFCEB73E6F9981A5 /* Frameworks */,
				3519654520012F56AC9A0E86 /* Resources */,
			);
			buildRules = (
			);
			dependencies = (
			);
			name = GymBuddy;
			productName = GymBuddy;
			productReference = 8BCB7E3B202BB75AAFE1B1DC /* GymBuddy.app */;
			productType = "com.apple.product-type.application";
		};
/* End PBXNativeTarget section */

/* Begin PBXProject section */
		46F86FAA6BBF9AC94A7E4595 /* Project object */ = {
			isa = PBXProject;
			attributes = {
				BuildIndependentTargetsInParallel = 1;
				LastSwiftUpdateCheck = 1500;
				LastUpgradeCheck = 1500;
				TargetAttributes = {
					42AEFBAE01D2DFD981F7DA7D = {
						CreatedOnToolsVersion = 15.0;
					};
				};
			};
			buildConfigurationList = FE9C0D8AA78DE66B35D7C0B9 /* Build configuration list for PBXProject "GymBuddy" */;
			compatibilityVersion = "Xcode 14.0";
			developmentRegion = en;
			hasScannedForEncodings = 0;
			knownRegions = (
				en,
				ru,
				Base,
			);
			mainGroup = FAD58DE7366495DB4650CFEF;
			productRefGroup = 86024CAD1E83101D97359D73 /* Products */;
			projectDirPath = "";
			projectRoot = "";
			targets = (
				42AEFBAE01D2DFD981F7DA7D /* GymBuddy */,
			);
		};
/* End PBXProject section */

/* Begin PBXResourcesBuildPhase section */
		3519654520012F56AC9A0E86 /* Resources */ = {
			isa = PBXResourcesBuildPhase;
			buildActionMask = 2147483647;
			files = (
				B09FA1D107EDD9357D618EDC /* Assets.xcassets in Resources */,
				60EC8D72AACA7D0B13237AE6 /* Localizable.strings in Resources */,
			);
			runOnlyForDeploymentPostprocessing = 0;
		};
/* End PBXResourcesBuildPhase section */

/* Begin PBXSourcesBuildPhase section */
		3B7DFB0747829707F437ED7F /* Sources */ = {
			isa = PBXSourcesBuildPhase;
			buildActionMask = 2147483647;
			files = (
				02EE5C57F51AB3110323B122 /* AppIcon.swift in Sources */,
				601CEB288F8CA5329514A176 /* BottomNavBar.swift in Sources */,
				7DA7403A4325A8BFA27E7492 /* GradientButton.swift in Sources */,
				68A45DA53A3BB98F44D7BF16 /* PhotoSlot.swift in Sources */,
				90941ACB777A6A9299BF5A9A /* Pill.swift in Sources */,
				174C507694DCD3F131E8E5F4 /* ProgressBar.swift in Sources */,
				B37E01E2E013E96B1ABC1943 /* ScreenHeader.swift in Sources */,
				B7F55DB0CFA5B2ED5765BD05 /* StatTile.swift in Sources */,
				2286E5BD285E95A7BBBDD5ED /* GymBuddyApp.swift in Sources */,
				C9E001DC8847F248C6C670CF /* L10n.swift in Sources */,
				39BFA71FAE722B97D6E74AE8 /* APIClient.swift in Sources */,
				38830ED0B167508C7D480FB7 /* Endpoints.swift in Sources */,
				62C5053BC1DA57898640A7DD /* Exercise.swift in Sources */,
				C66BA72676C9622BC07C9469 /* Match.swift in Sources */,
				B158B79256FBBA70E979ADD6 /* Message.swift in Sources */,
				1A78388F735F0FFC3BC45FC7 /* Routine.swift in Sources */,
				629903F620B4510DFA4F56C9 /* User.swift in Sources */,
				C8EB117BAABE1E1EDDAC1155 /* Workout.swift in Sources */,
				B37C693271EE7A24658E9CE8 /* TokenStore.swift in Sources */,
				0CD615BAE6A12E8F6100A7F9 /* WebSocketClient.swift in Sources */,
				155F1C449E16597F72E1BDC6 /* RootView.swift in Sources */,
				B7D61EA0C479CD608EBED152 /* TabBarView.swift in Sources */,
				F2E3E621443AE2A4B6E102C2 /* LoginView.swift in Sources */,
				C6660DB87C65EB22E9E43462 /* RegisterView.swift in Sources */,
				CF696398441EF265902A3047 /* ChatView.swift in Sources */,
				239EF36FF5A0F9D6DB288227 /* DiscoverFiltersView.swift in Sources */,
				CD3C3BE0C5F876C30A0CBAFF /* DiscoverView.swift in Sources */,
				939B13A9D4E69D56D651A333 /* InviteWorkoutView.swift in Sources */,
				7DAEEEB5A37AFF0E0B017A28 /* MatchModalView.swift in Sources */,
				6A727521B508E261D0623653 /* MatchesListView.swift in Sources */,
				C56DE82361E2F36E6F094E0F /* SwipeCardView.swift in Sources */,
				5E76FCD4F247DA16CEFA5245 /* FriendsView.swift in Sources */,
				9ED6372C1F5B3DDA45ABA3C3 /* LeaderboardView.swift in Sources */,
				D9126ADB83B8B8A310B34102 /* HomeView.swift in Sources */,
				3927B7FB08626F8545DA6B4E /* CalendarView.swift in Sources */,
				4A2B681A69E24FAAFD09592B /* EditProfileView.swift in Sources */,
				05D0BFE56E4E96D2027AA806 /* MedalsView.swift in Sources */,
				1624DAEC5D2F371F66018471 /* NutritionView.swift in Sources */,
				5363DEE85F9BBAB124A5D00C /* ProfileView.swift in Sources */,
				990240D3A1FA410B1AA035DA /* SettingsView.swift in Sources */,
				75A95975EF7F302CB32BCC43 /* ActiveWorkoutView.swift in Sources */,
				71B6CF1F7872B79BB63E6B5D /* CreateExerciseView.swift in Sources */,
				77123FD7B9DE921E0D2E43FA /* ExercisesListView.swift in Sources */,
				B2F7E7DDF6C54897C38290BA /* RoutineDetailView.swift in Sources */,
				0E8AAD976415B97ED31CCAF4 /* WorkoutTrackerView.swift in Sources */,
				484D881E710B3AB0E2173125 /* Theme.swift in Sources */,
				A0B4B8DA6895EF309486C936 /* Typography.swift in Sources */,
				3A3D78BB52DBCE601BD3347D /* AuthViewModel.swift in Sources */,
				1FF6FC7CF0FCC11F76ABB746 /* DiscoverViewModel.swift in Sources */,
				477F4AE4A508717AF547778C /* MatchesViewModel.swift in Sources */,
				A0CB84D37A5D5FEE261F61F5 /* SampleData.swift in Sources */,
				830746A7F2E1F8C3539502E2 /* WorkoutViewModel.swift in Sources */,
			);
			runOnlyForDeploymentPostprocessing = 0;
		};
/* End PBXSourcesBuildPhase section */

/* Begin XCBuildConfiguration section */
		B69CF3A893A7C3E2E062CC84 /* Debug */ = {
			isa = XCBuildConfiguration;
			buildSettings = {
				ALWAYS_SEARCH_USER_PATHS = NO;
				CLANG_ANALYZER_NONNULL = YES;
				CLANG_ENABLE_MODULES = YES;
				CLANG_ENABLE_OBJC_ARC = YES;
				COPY_PHASE_STRIP = NO;
				DEBUG_INFORMATION_FORMAT = dwarf;
				ENABLE_STRICT_OBJC_MSGSEND = YES;
				ENABLE_TESTABILITY = YES;
				GCC_C_LANGUAGE_STANDARD = gnu17;
				GCC_DYNAMIC_NO_PIC = NO;
				GCC_NO_COMMON_BLOCKS = YES;
				GCC_OPTIMIZATION_LEVEL = 0;
				GCC_PREPROCESSOR_DEFINITIONS = (
					"DEBUG=1",
					"$(inherited)",
				);
				IPHONEOS_DEPLOYMENT_TARGET = 17.0;
				MTL_ENABLE_DEBUG_INFO = INCLUDE_SOURCE;
				ONLY_ACTIVE_ARCH = YES;
				SDKROOT = iphoneos;
				SWIFT_ACTIVE_COMPILATION_CONDITIONS = "DEBUG $(inherited)";
				SWIFT_OPTIMIZATION_LEVEL = "-Onone";
			};
			name = Debug;
		};
		79B2C38E429B44690DE57895 /* Release */ = {
			isa = XCBuildConfiguration;
			buildSettings = {
				ALWAYS_SEARCH_USER_PATHS = NO;
				CLANG_ANALYZER_NONNULL = YES;
				COPY_PHASE_STRIP = NO;
				DEBUG_INFORMATION_FORMAT = "dwarf-with-dsym";
				ENABLE_NS_ASSERTIONS = NO;
				ENABLE_STRICT_OBJC_MSGSEND = YES;
				GCC_C_LANGUAGE_STANDARD = gnu17;
				GCC_NO_COMMON_BLOCKS = YES;
				IPHONEOS_DEPLOYMENT_TARGET = 17.0;
				MTL_ENABLE_DEBUG_INFO = NO;
				SDKROOT = iphoneos;
				SWIFT_COMPILATION_MODE = wholemodule;
				SWIFT_OPTIMIZATION_LEVEL = "-O";
				VALIDATE_PRODUCT = YES;
			};
			name = Release;
		};
		7A552DA001E053C833F2E50C /* Debug */ = {
			isa = XCBuildConfiguration;
			buildSettings = {
				ASSETCATALOG_COMPILER_APPICON_NAME = AppIcon;
				ASSETCATALOG_COMPILER_GLOBAL_ACCENT_COLOR_NAME = AccentColor;
				CODE_SIGN_STYLE = Automatic;
				CURRENT_PROJECT_VERSION = 1;
				DEVELOPMENT_ASSET_PATHS = "";
				ENABLE_PREVIEWS = YES;
				GENERATE_INFOPLIST_FILE = NO;
				INFOPLIST_FILE = "GymBuddy/Info.plist";
				LD_RUNPATH_SEARCH_PATHS = (
					"$(inherited)",
					"@executable_path/Frameworks",
				);
				MARKETING_VERSION = 1.0;
				PRODUCT_BUNDLE_IDENTIFIER = "app.gymbuddy.GymBuddy";
				PRODUCT_NAME = "$(TARGET_NAME)";
				SWIFT_EMIT_LOC_STRINGS = YES;
				SWIFT_VERSION = 5.9;
				TARGETED_DEVICE_FAMILY = 1;
			};
			name = Debug;
		};
		E53FFAF1ECEFB23218968E1A /* Release */ = {
			isa = XCBuildConfiguration;
			buildSettings = {
				ASSETCATALOG_COMPILER_APPICON_NAME = AppIcon;
				ASSETCATALOG_COMPILER_GLOBAL_ACCENT_COLOR_NAME = AccentColor;
				CODE_SIGN_STYLE = Automatic;
				CURRENT_PROJECT_VERSION = 1;
				DEVELOPMENT_ASSET_PATHS = "";
				ENABLE_PREVIEWS = YES;
				GENERATE_INFOPLIST_FILE = NO;
				INFOPLIST_FILE = "GymBuddy/Info.plist";
				LD_RUNPATH_SEARCH_PATHS = (
					"$(inherited)",
					"@executable_path/Frameworks",
				);
				MARKETING_VERSION = 1.0;
				PRODUCT_BUNDLE_IDENTIFIER = "app.gymbuddy.GymBuddy";
				PRODUCT_NAME = "$(TARGET_NAME)";
				SWIFT_EMIT_LOC_STRINGS = YES;
				SWIFT_VERSION = 5.9;
				TARGETED_DEVICE_FAMILY = 1;
			};
			name = Release;
		};
/* End XCBuildConfiguration section */

/* Begin XCConfigurationList section */
		FE9C0D8AA78DE66B35D7C0B9 /* Build configuration list for PBXProject "GymBuddy" */ = {
			isa = XCConfigurationList;
			buildConfigurations = (
				B69CF3A893A7C3E2E062CC84 /* Debug */,
				79B2C38E429B44690DE57895 /* Release */,
			);
			defaultConfigurationIsVisible = 0;
			defaultConfigurationName = Release;
		};
		6A1EA7700154B92226D8688D /* Build configuration list for PBXNativeTarget "GymBuddy" */ = {
			isa = XCConfigurationList;
			buildConfigurations = (
				7A552DA001E053C833F2E50C /* Debug */,
				E53FFAF1ECEFB23218968E1A /* Release */,
			);
			defaultConfigurationIsVisible = 0;
			defaultConfigurationName = Release;
		};
/* End XCConfigurationList section */
	};
	rootObject = 46F86FAA6BBF9AC94A7E4595 /* Project object */;
}
